
Microsoft Visual Studio Solution File, Format Version 12.00
# Visual Studio 14
VisualStudioVersion = 14.0.24720.0
MinimumVisualStudioVersion = 10.0.40219.1
Project("{FAE04EC0-301F-11D3-BF4B-00C04F79EFBC}") = "Runnable Services", "Runnable Services\Runnable Services.csproj", "{B1F91598-81D6-44CE-B4EE-1C7F08ADC971}"
EndProject
Project("{FAE04EC0-301F-11D3-BF4B-00C04F79EFBC}") = "Example Service", "Example Service\Example Service.csproj", "{1A7850FB-D04D-4AB2-80B0-85BD964AF26F}"
EndProject
Project("{FAE04EC0-301F-11D3-BF4B-00C04F79EFBC}") = "Example Service 2", "Example Service 2\Example Service 2.csproj", "{C4C6D028-4F0B-4C33-9F4C-84EAF660BBC3}"
EndProject
Project("{FAE04EC0-301F-11D3-BF4B-00C04F79EFBC}") = "Runnable Sevices Test", "Runnable Sevices Test\Runnable Sevices Test.csproj", "{4FCEC068-308D-42FF-B847-1EB9D7FF078E}"
EndProject
Global
	GlobalSection(SolutionConfigurationPlatforms) = preSolution
		Debug|Any CPU = Debug|Any CPU
		Release|Any CPU = Release|Any CPU
	EndGlobalSection
	GlobalSection(ProjectConfigurationPlatforms) = postSolution
		{B1F91598-81D6-44CE-B4EE-1C7F08ADC971}.Debug|Any CPU.ActiveCfg = Debug|Any CPU
		{B1F91598-81D6-44CE-B4EE-1C7F08ADC971}.Debug|Any CPU.Build.0 = Debug|Any CPU
		{B1F91598-81D6-44CE-B4EE-1C7F08ADC971}.Release|Any CPU.ActiveCfg = Release|Any CPU
		{B1F91598-81D6-44CE-B4EE-1C7F08ADC971}.Release|Any CPU.Build.0 = Release|Any CPU
		{1A7850FB-D04D-4AB2-80B0-85BD964AF26F}.Debug|Any CPU.ActiveCfg = Debug|Any CPU
		{1A7850FB-D04D-4AB2-80B0-85BD964AF26F}.Debug|Any CPU.Build.0 = Debug|Any CPU
		{1A7850FB-D04D-4AB2-80B0-85BD964AF26F}.Release|Any CPU.ActiveCfg = Release|Any CPU
		{1A7850FB-D04D-4AB2-80B0-85BD964AF26F}.Release|Any CPU.Build.0 = Release|Any CPU
		{C4C6D028-4F0B-4C33-9F4C-84EAF660BBC3}.Debug|Any CPU.ActiveCfg = Debug|Any CPU
		{C4C6D028-4F0B-4C33-9F4C-84EAF660BBC3}.Debug|Any CPU.Build.0 = Debug|Any CPU
		{C4C6D028-4F0B-4C33-9F4C-84EAF660BBC3}.Release|Any CPU.ActiveCfg = Release|Any CPU
		{C4C6D028-4F0B-4C33-9F4C-84EAF660BBC3}.Release|Any CPU.Build.0 = Release|Any CPU
		{4FCEC068-308D-42FF-B847-1EB9D7FF078E}.Debug|Any CPU.ActiveCfg = Debug|Any CPU
		{4FCEC068-308D-42FF-B847-1EB9D7FF078E}.Debug|Any CPU.Build.0 = Debug|Any CPU
		{4FCEC068-308D-42FF-B847-1EB9D7FF078E}.Release|Any CPU.ActiveCfg = Release|Any CPU
		{4FCEC068-308D-42FF-B847-1EB9D7FF078E}.Release|Any CPU.Build.0 = Release|Any CPU
	EndGlobalSection
	GlobalSection(SolutionProperties) = preSolution
		HideSolutionNode = FALSE
	EndGlobalSection
EndGlobal
